
Microsoft Visual Studio Solution File, Format Version 12.00
# Visual Studio Version 16
VisualStudioVersion = 16.0.29613.14
MinimumVisualStudioVersion = 10.0.40219.1
Project("{FAE04EC0-301F-11D3-BF4B-00C04F79EFBC}") = "QuickBuy.Dominio", "QuickBuy.Dominio\QuickBuy.Dominio.csproj", "{59EE6577-E32D-4F77-9317-434720DA9458}"
EndProject
Project("{FAE04EC0-301F-11D3-BF4B-00C04F79EFBC}") = "QuickBuy.Repositorio", "QuickBuy.Repositorio\QuickBuy.Repositorio.csproj", "{8157962D-2829-4495-A5AC-A2B321295BE6}"
EndProject
Project("{FAE04EC0-301F-11D3-BF4B-00C04F79EFBC}") = "QuickBuy.Web", "QuickBuy.Web\QuickBuy.Web.csproj", "{0BC53FF7-7FD1-4EEA-9E98-4513B7C13125}"
EndProject
Global
	GlobalSection(SolutionConfigurationPlatforms) = preSolution
		Debug|Any CPU = Debug|Any CPU
		Release|Any CPU = Release|Any CPU
	EndGlobalSection
	GlobalSection(ProjectConfigurationPlatforms) = postSolution
		{59EE6577-E32D-4F77-9317-434720DA9458}.Debug|Any CPU.ActiveCfg = Debug|Any CPU
		{59EE6577-E32D-4F77-9317-434720DA9458}.Debug|Any CPU.Build.0 = Debug|Any CPU
		{59EE6577-E32D-4F77-9317-434720DA9458}.Release|Any CPU.ActiveCfg = Release|Any CPU
		{59EE6577-E32D-4F77-9317-434720DA9458}.Release|Any CPU.Build.0 = Release|Any CPU
		{8157962D-2829-4495-A5AC-A2B321295BE6}.Debug|Any CPU.ActiveCfg = Debug|Any CPU
		{8157962D-2829-4495-A5AC-A2B321295BE6}.Debug|Any CPU.Build.0 = Debug|Any CPU
		{8157962D-2829-4495-A5AC-A2B321295BE6}.Release|Any CPU.ActiveCfg = Release|Any CPU
		{8157962D-2829-4495-A5AC-A2B321295BE6}.Release|Any CPU.Build.0 = Release|Any CPU
		{0BC53FF7-7FD1-4EEA-9E98-4513B7C13125}.Debug|Any CPU.ActiveCfg = Debug|Any CPU
		{0BC53FF7-7FD1-4EEA-9E98-4513B7C13125}.Debug|Any CPU.Build.0 = Debug|Any CPU
		{0BC53FF7-7FD1-4EEA-9E98-4513B7C13125}.Release|Any CPU.ActiveCfg = Release|Any CPU
		{0BC53FF7-7FD1-4EEA-9E98-4513B7C13125}.Release|Any CPU.Build.0 = Release|Any CPU
	EndGlobalSection
	GlobalSection(SolutionProperties) = preSolution
		HideSolutionNode = FALSE
	EndGlobalSection
	GlobalSection(ExtensibilityGlobals) = postSolution
		SolutionGuid = {35AF13EF-8FDB-4402-A340-0B3D40F33F14}
	EndGlobalSection
EndGlobal
